
Microsoft Visual Studio Solution File, Format Version 12.00
# Visual Studio Version 17
VisualStudioVersion = 17.13.35828.75 d17.13
MinimumVisualStudioVersion = 10.0.40219.1
Project("{FAE04EC0-301F-11D3-BF4B-00C04F79EFBC}") = "Execquer", "Execquer\Execquer.csproj", "{BC04143F-BCBA-4DC2-AC45-5F2336A3B99D}"
EndProject
Global
	GlobalSection(SolutionConfigurationPlatforms) = preSolution
		Debug|Any CPU = Debug|Any CPU
		Release|Any CPU = Release|Any CPU
	EndGlobalSection
	GlobalSection(ProjectConfigurationPlatforms) = postSolution
		{BC04143F-BCBA-4DC2-AC45-5F2336A3B99D}.Debug|Any CPU.ActiveCfg = Debug|Any CPU
		{BC04143F-BCBA-4DC2-AC45-5F2336A3B99D}.Debug|Any CPU.Build.0 = Debug|Any CPU
		{BC04143F-BCBA-4DC2-AC45-5F2336A3B99D}.Release|Any CPU.ActiveCfg = Release|Any CPU
		{BC04143F-BCBA-4DC2-AC45-5F2336A3B99D}.Release|Any CPU.Build.0 = Release|Any CPU
	EndGlobalSection
	GlobalSection(SolutionProperties) = preSolution
		HideSolutionNode = FALSE
	EndGlobalSection
	GlobalSection(ExtensibilityGlobals) = postSolution
		SolutionGuid = {68473B14-450C-4E68-BE79-3E6C3A3463B9}
	EndGlobalSection
EndGlobal
